Microsoft Visual Studio Solution File, Format Version 12.00
# Visual Studio 15
VisualStudioVersion = 15.0.28307.168
MinimumVisualStudioVersion = 10.0.40219.1
Project("{FAE04EC0-301F-11D3-BF4B-00C04F79EFBC}") = "nnsMobile1.iOS", "nnsMobile1.iOS\nnsMobile1.iOS.csproj", "{D49021A9-937D-4C5F-BB39-8DC25B5F529A}"
EndProject
Project("{9A19103F-16F7-4668-BE54-9A1E7A4F7556}") = "nnsMobile1", "nnsMobile1\nnsMobile1.csproj", "{90F794CB-21F0-481C-AE4A-FF3802566790}"
EndProject
Project("{FAE04EC0-301F-11D3-BF4B-00C04F79EFBC}") = "nnsMobile1.Android", "nnsMobile1.Android\nnsMobile1.Android.csproj", "{AC3B3C17-0C42-4573-8407-AD12313DFB54}"
EndProject
Global
	GlobalSection(SolutionConfigurationPlatforms) = preSolution
		Ad-Hoc|Any CPU = Ad-Hoc|Any CPU
		Ad-Hoc|iPhone = Ad-Hoc|iPhone
		Ad-Hoc|iPhoneSimulator = Ad-Hoc|iPhoneSimulator
		AppStore|Any CPU = AppStore|Any CPU
		AppStore|iPhone = AppStore|iPhone
		AppStore|iPhoneSimulator = AppStore|iPhoneSimulator
		Debug|Any CPU = Debug|Any CPU
		Debug|iPhone = Debug|iPhone
		Debug|iPhoneSimulator = Debug|iPhoneSimulator
		Release|Any CPU = Release|Any CPU
		Release|iPhone = Release|iPhone
		Release|iPhoneSimulator = Release|iPhoneSimulator
	EndGlobalSection
	GlobalSection(ProjectConfigurationPlatforms) = postSolution
		{D49021A9-937D-4C5F-BB39-8DC25B5F529A}.Ad-Hoc|Any CPU.ActiveCfg = Ad-Hoc|iPhoneSimulator
		{D49021A9-937D-4C5F-BB39-8DC25B5F529A}.Ad-Hoc|iPhone.ActiveCfg = Ad-Hoc|iPhone
		{D49021A9-937D-4C5F-BB39-8DC25B5F529A}.Ad-Hoc|iPhone.Build.0 = Ad-Hoc|iPhone
		{D49021A9-937D-4C5F-BB39-8DC25B5F529A}.Ad-Hoc|iPhoneSimulator.ActiveCfg = Ad-Hoc|iPhoneSimulator
		{D49021A9-937D-4C5F-BB39-8DC25B5F529A}.Ad-Hoc|iPhoneSimulator.Build.0 = Ad-Hoc|iPhoneSimulator
		{D49021A9-937D-4C5F-BB39-8DC25B5F529A}.AppStore|Any CPU.ActiveCfg = AppStore|iPhoneSimulator
		{D49021A9-937D-4C5F-BB39-8DC25B5F529A}.AppStore|iPhone.ActiveCfg = AppStore|iPhone
		{D49021A9-937D-4C5F-BB39-8DC25B5F529A}.AppStore|iPhone.Build.0 = AppStore|iPhone
		{D49021A9-937D-4C5F-BB39-8DC25B5F529A}.AppStore|iPhoneSimulator.ActiveCfg = AppStore|iPhoneSimulator
		{D49021A9-937D-4C5F-BB39-8DC25B5F529A}.AppStore|iPhoneSimulator.Build.0 = AppStore|iPhoneSimulator
		{D49021A9-937D-4C5F-BB39-8DC25B5F529A}.Debug|Any CPU.ActiveCfg = Debug|iPhoneSimulator
		{D49021A9-937D-4C5F-BB39-8DC25B5F529A}.Debug|Any CPU.Build.0 = Debug|iPhoneSimulator
		{D49021A9-937D-4C5F-BB39-8DC25B5F529A}.Debug|iPhone.ActiveCfg = Debug|iPhone
		{D49021A9-937D-4C5F-BB39-8DC25B5F529A}.Debug|iPhone.Build.0 = Debug|iPhone
		{D49021A9-937D-4C5F-BB39-8DC25B5F529A}.Debug|iPhoneSimulator.ActiveCfg = Debug|iPhoneSimulator
		{D49021A9-937D-4C5F-BB39-8DC25B5F529A}.Debug|iPhoneSimulator.Build.0 = Debug|iPhoneSimulator
		{D49021A9-937D-4C5F-BB39-8DC25B5F529A}.Release|Any CPU.ActiveCfg = Release|iPhoneSimulator
		{D49021A9-937D-4C5F-BB39-8DC25B5F529A}.Release|Any CPU.Build.0 = Release|iPhoneSimulator
		{D49021A9-937D-4C5F-BB39-8DC25B5F529A}.Release|iPhone.ActiveCfg = Release|iPhone
		{D49021A9-937D-4C5F-BB39-8DC25B5F529A}.Release|iPhone.Build.0 = Release|iPhone
		{D49021A9-937D-4C5F-BB39-8DC25B5F529A}.Release|iPhoneSimulator.ActiveCfg = Release|iPhoneSimulator
		{D49021A9-937D-4C5F-BB39-8DC25B5F529A}.Release|iPhoneSimulator.Build.0 = Release|iPhoneSimulator
		{90F794CB-21F0-481C-AE4A-FF3802566790}.Ad-Hoc|Any CPU.ActiveCfg = Release|Any CPU
		{90F794CB-21F0-481C-AE4A-FF3802566790}.Ad-Hoc|Any CPU.Build.0 = Release|Any CPU
		{90F794CB-21F0-481C-AE4A-FF3802566790}.Ad-Hoc|iPhone.ActiveCfg = Debug|Any CPU
		{90F794CB-21F0-481C-AE4A-FF3802566790}.Ad-Hoc|iPhone.Build.0 = Debug|Any CPU
		{90F794CB-21F0-481C-AE4A-FF3802566790}.Ad-Hoc|iPhoneSimulator.ActiveCfg = Release|Any CPU
		{90F794CB-21F0-481C-AE4A-FF3802566790}.Ad-Hoc|iPhoneSimulator.Build.0 = Release|Any CPU
		{90F794CB-21F0-481C-AE4A-FF3802566790}.AppStore|Any CPU.ActiveCfg = Release|Any CPU
		{90F794CB-21F0-481C-AE4A-FF3802566790}.AppStore|Any CPU.Build.0 = Release|Any CPU
		{90F794CB-21F0-481C-AE4A-FF3802566790}.AppStore|iPhone.ActiveCfg = Debug|Any CPU
		{90F794CB-21F0-481C-AE4A-FF3802566790}.AppStore|iPhone.Build.0 = Debug|Any CPU
		{90F794CB-21F0-481C-AE4A-FF3802566790}.AppStore|iPhoneSimulator.ActiveCfg = Release|Any CPU
		{90F794CB-21F0-481C-AE4A-FF3802566790}.AppStore|iPhoneSimulator.Build.0 = Release|Any CPU
		{90F794CB-21F0-481C-AE4A-FF3802566790}.Debug|Any CPU.ActiveCfg = Debug|Any CPU
		{90F794CB-21F0-481C-AE4A-FF3802566790}.Debug|Any CPU.Build.0 = Debug|Any CPU
		{90F794CB-21F0-481C-AE4A-FF3802566790}.Debug|iPhone.ActiveCfg = Debug|Any CPU
		{90F794CB-21F0-481C-AE4A-FF3802566790}.Debug|iPhone.Build.0 = Debug|Any CPU
		{90F794CB-21F0-481C-AE4A-FF3802566790}.Debug|iPhoneSimulator.ActiveCfg = Debug|Any CPU
		{90F794CB-21F0-481C-AE4A-FF3802566790}.Debug|iPhoneSimulator.Build.0 = Debug|Any CPU
		{90F794CB-21F0-481C-AE4A-FF3802566790}.Release|Any CPU.ActiveCfg = Release|Any CPU
		{90F794CB-21F0-481C-AE4A-FF3802566790}.Release|Any CPU.Build.0 = Release|Any CPU
		{90F794CB-21F0-481C-AE4A-FF3802566790}.Release|iPhone.ActiveCfg = Release|Any CPU
		{90F794CB-21F0-481C-AE4A-FF3802566790}.Release|iPhone.Build.0 = Release|Any CPU
		{90F794CB-21F0-481C-AE4A-FF3802566790}.Release|iPhoneSimulator.ActiveCfg = Release|Any CPU
		{90F794CB-21F0-481C-AE4A-FF3802566790}.Release|iPhoneSimulator.Build.0 = Release|Any CPU
		{AC3B3C17-0C42-4573-8407-AD12313DFB54}.Ad-Hoc|Any CPU.ActiveCfg = Release|Any CPU
		{AC3B3C17-0C42-4573-8407-AD12313DFB54}.Ad-Hoc|Any CPU.Build.0 = Release|Any CPU
		{AC3B3C17-0C42-4573-8407-AD12313DFB54}.Ad-Hoc|Any CPU.Deploy.0 = Release|Any CPU
		{AC3B3C17-0C42-4573-8407-AD12313DFB54}.Ad-Hoc|iPhone.ActiveCfg = Debug|Any CPU
		{AC3B3C17-0C42-4573-8407-AD12313DFB54}.Ad-Hoc|iPhone.Build.0 = Debug|Any CPU
		{AC3B3C17-0C42-4573-8407-AD12313DFB54}.Ad-Hoc|iPhoneSimulator.ActiveCfg = Release|Any CPU
		{AC3B3C17-0C42-4573-8407-AD12313DFB54}.Ad-Hoc|iPhoneSimulator.Build.0 = Release|Any CPU
		{AC3B3C17-0C42-4573-8407-AD12313DFB54}.Ad-Hoc|iPhoneSimulator.Deploy.0 = Release|Any CPU
		{AC3B3C17-0C42-4573-8407-AD12313DFB54}.AppStore|Any CPU.ActiveCfg = Release|Any CPU
		{AC3B3C17-0C42-4573-8407-AD12313DFB54}.AppStore|Any CPU.Build.0 = Release|Any CPU
		{AC3B3C17-0C42-4573-8407-AD12313DFB54}.AppStore|Any CPU.Deploy.0 = Release|Any CPU
		{AC3B3C17-0C42-4573-8407-AD12313DFB54}.AppStore|iPhone.ActiveCfg = Debug|Any CPU
		{AC3B3C17-0C42-4573-8407-AD12313DFB54}.AppStore|iPhone.Build.0 = Debug|Any CPU
		{AC3B3C17-0C42-4573-8407-AD12313DFB54}.AppStore|iPhoneSimulator.ActiveCfg = Release|Any CPU
		{AC3B3C17-0C42-4573-8407-AD12313DFB54}.AppStore|iPhoneSimulator.Build.0 = Release|Any CPU
		{AC3B3C17-0C42-4573-8407-AD12313DFB54}.AppStore|iPhoneSimulator.Deploy.0 = Release|Any CPU
		{AC3B3C17-0C42-4573-8407-AD12313DFB54}.Debug|Any CPU.ActiveCfg = Debug|Any CPU
		{AC3B3C17-0C42-4573-8407-AD12313DFB54}.Debug|Any CPU.Build.0 = Debug|Any CPU
		{AC3B3C17-0C42-4573-8407-AD12313DFB54}.Debug|Any CPU.Deploy.0 = Debug|Any CPU
		{AC3B3C17-0C42-4573-8407-AD12313DFB54}.Debug|iPhone.ActiveCfg = Debug|Any CPU
		{AC3B3C17-0C42-4573-8407-AD12313DFB54}.Debug|iPhone.Build.0 = Debug|Any CPU
		{AC3B3C17-0C42-4573-8407-AD12313DFB54}.Debug|iPhoneSimulator.ActiveCfg = Debug|Any CPU
		{AC3B3C17-0C42-4573-8407-AD12313DFB54}.Debug|iPhoneSimulator.Build.0 = Debug|Any CPU
		{AC3B3C17-0C42-4573-8407-AD12313DFB54}.Release|Any CPU.ActiveCfg = Release|Any CPU
		{AC3B3C17-0C42-4573-8407-AD12313DFB54}.Release|Any CPU.Build.0 = Release|Any CPU
		{AC3B3C17-0C42-4573-8407-AD12313DFB54}.Release|iPhone.ActiveCfg = Release|Any CPU
		{AC3B3C17-0C42-4573-8407-AD12313DFB54}.Release|iPhone.Build.0 = Release|Any CPU
		{AC3B3C17-0C42-4573-8407-AD12313DFB54}.Release|iPhoneSimulator.ActiveCfg = Release|Any CPU
		{AC3B3C17-0C42-4573-8407-AD12313DFB54}.Release|iPhoneSimulator.Build.0 = Release|Any CPU
	EndGlobalSection
	GlobalSection(SolutionProperties) = preSolution
		HideSolutionNode = FALSE
	EndGlobalSection
	GlobalSection(ExtensibilityGlobals) = postSolution
		SolutionGuid = {F9669E32-A57E-44DC-AE57-549AB6757D34}
	EndGlobalSection
EndGlobal
